{
  "lockfileVersion": 1,
  "configVersion": 0,
  "workspaces": {
    "": {
      "name": "herbarium_api",
      "dependencies": {
        "@fastify/cors": "^11.2.0",
        "better-auth": "^1.6.10",
        "dotenv": "^17.4.2",
        "fastify": "^5.8.5",
        "pg": "^8.20.0",
        "tsx": "^4.21.0",
      },
      "devDependencies": {
        "@types/node": "^24.12.4",
        "@types/pg": "^8.20.0",
        "typescript": "^5.9.3",
      },
    },
  },
  "packages": {
    "@better-auth/core": ["@better-auth/core@1.6.10", "", { "dependencies": { "@opentelemetry/semantic-conventions": "^1.39.0", "@standard-schema/spec": "^1.1.0", "zod": "^4.3.6" }, "peerDependencies": { "@better-auth/utils": "0.4.0", "@better-fetch/fetch": "1.1.21", "@cloudflare/workers-types": ">=4", "@opentelemetry/api": "^1.9.0", "better-call": "1.3.5", "jose": "^6.1.0", "kysely": "^0.28.5", "nanostores": "^1.0.1" }, "optionalPeers": ["@cloudflare/workers-types", "@opentelemetry/api"] }, ""],

    "@better-auth/drizzle-adapter": ["@better-auth/drizzle-adapter@1.6.10", "", { "peerDependencies": { "@better-auth/core": "^1.6.10", "@better-auth/utils": "0.4.0", "drizzle-orm": "^0.45.2" }, "optionalPeers": ["drizzle-orm"] }, ""],

    "@better-auth/kysely-adapter": ["@better-auth/kysely-adapter@1.6.10", "", { "peerDependencies": { "@better-auth/core": "^1.6.10", "@better-auth/utils": "0.4.0", "kysely": "^0.28.14" } }, ""],

    "@better-auth/memory-adapter": ["@better-auth/memory-adapter@1.6.10", "", { "peerDependencies": { "@better-auth/core": "^1.6.10", "@better-auth/utils": "0.4.0" } }, ""],

    "@better-auth/mongo-adapter": ["@better-auth/mongo-adapter@1.6.10", "", { "peerDependencies": { "@better-auth/core": "^1.6.10", "@better-auth/utils": "0.4.0", "mongodb": "^6.0.0 || ^7.0.0" }, "optionalPeers": ["mongodb"] }, ""],

    "@better-auth/prisma-adapter": ["@better-auth/prisma-adapter@1.6.10", "", { "peerDependencies": { "@better-auth/core": "^1.6.10", "@better-auth/utils": "0.4.0", "@prisma/client": "^5.0.0 || ^6.0.0 || ^7.0.0", "prisma": "^5.0.0 || ^6.0.0 || ^7.0.0" }, "optionalPeers": ["@prisma/client", "prisma"] }, ""],

    "@better-auth/telemetry": ["@better-auth/telemetry@1.6.10", "", { "peerDependencies": { "@better-auth/core": "^1.6.10", "@better-auth/utils": "0.4.0", "@better-fetch/fetch": "1.1.21" } }, ""],

    "@better-auth/utils": ["@better-auth/utils@0.4.0", "", { "dependencies": { "@noble/hashes": "^2.0.1" } }, ""],

    "@better-fetch/fetch": ["@better-fetch/fetch@1.1.21", "", {}, ""],

    "@esbuild/aix-ppc64": ["@esbuild/aix-ppc64@0.27.7", "", { "os": "aix", "cpu": "ppc64" }, "sha512-EKX3Qwmhz1eMdEJokhALr0YiD0lhQNwDqkPYyPhiSwKrh7/4KRjQc04sZ8db+5DVVnZ1LmbNDI1uAMPEUBnQPg=="],

    "@esbuild/android-arm": ["@esbuild/android-arm@0.27.7", "", { "os": "android", "cpu": "arm" }, "sha512-jbPXvB4Yj2yBV7HUfE2KHe4GJX51QplCN1pGbYjvsyCZbQmies29EoJbkEc+vYuU5o45AfQn37vZlyXy4YJ8RQ=="],

    "@esbuild/android-arm64": ["@esbuild/android-arm64@0.27.7", "", { "os": "android", "cpu": "arm64" }, "sha512-62dPZHpIXzvChfvfLJow3q5dDtiNMkwiRzPylSCfriLvZeq0a1bWChrGx/BbUbPwOrsWKMn8idSllklzBy+dgQ=="],

    "@esbuild/android-x64": ["@esbuild/android-x64@0.27.7", "", { "os": "android", "cpu": "x64" }, "sha512-x5VpMODneVDb70PYV2VQOmIUUiBtY3D3mPBG8NxVk5CogneYhkR7MmM3yR/uMdITLrC1ml/NV1rj4bMJuy9MCg=="],

    "@esbuild/darwin-arm64": ["@esbuild/darwin-arm64@0.27.7", "", { "os": "darwin", "cpu": "arm64" }, "sha512-5lckdqeuBPlKUwvoCXIgI2D9/ABmPq3Rdp7IfL70393YgaASt7tbju3Ac+ePVi3KDH6N2RqePfHnXkaDtY9fkw=="],

    "@esbuild/darwin-x64": ["@esbuild/darwin-x64@0.27.7", "", { "os": "darwin", "cpu": "x64" }, "sha512-rYnXrKcXuT7Z+WL5K980jVFdvVKhCHhUwid+dDYQpH+qu+TefcomiMAJpIiC2EM3Rjtq0sO3StMV/+3w3MyyqQ=="],

    "@esbuild/freebsd-arm64": ["@esbuild/freebsd-arm64@0.27.7", "", { "os": "freebsd", "cpu": "arm64" }, "sha512-B48PqeCsEgOtzME2GbNM2roU29AMTuOIN91dsMO30t+Ydis3z/3Ngoj5hhnsOSSwNzS+6JppqWsuhTp6E82l2w=="],

    "@esbuild/freebsd-x64": ["@esbuild/freebsd-x64@0.27.7", "", { "os": "freebsd", "cpu": "x64" }, "sha512-jOBDK5XEjA4m5IJK3bpAQF9/Lelu/Z9ZcdhTRLf4cajlB+8VEhFFRjWgfy3M1O4rO2GQ/b2dLwCUGpiF/eATNQ=="],

    "@esbuild/linux-arm": ["@esbuild/linux-arm@0.27.7", "", { "os": "linux", "cpu": "arm" }, "sha512-RkT/YXYBTSULo3+af8Ib0ykH8u2MBh57o7q/DAs3lTJlyVQkgQvlrPTnjIzzRPQyavxtPtfg0EopvDyIt0j1rA=="],

    "@esbuild/linux-arm64": ["@esbuild/linux-arm64@0.27.7", "", { "os": "linux", "cpu": "arm64" }, "sha512-RZPHBoxXuNnPQO9rvjh5jdkRmVizktkT7TCDkDmQ0W2SwHInKCAV95GRuvdSvA7w4VMwfCjUiPwDi0ZO6Nfe9A=="],

    "@esbuild/linux-ia32": ["@esbuild/linux-ia32@0.27.7", "", { "os": "linux", "cpu": "ia32" }, "sha512-GA48aKNkyQDbd3KtkplYWT102C5sn/EZTY4XROkxONgruHPU72l+gW+FfF8tf2cFjeHaRbWpOYa/uRBz/Xq1Pg=="],

    "@esbuild/linux-loong64": ["@esbuild/linux-loong64@0.27.7", "", { "os": "linux", "cpu": "none" }, "sha512-a4POruNM2oWsD4WKvBSEKGIiWQF8fZOAsycHOt6JBpZ+JN2n2JH9WAv56SOyu9X5IqAjqSIPTaJkqN8F7XOQ5Q=="],

    "@esbuild/linux-mips64el": ["@esbuild/linux-mips64el@0.27.7", "", { "os": "linux", "cpu": "none" }, "sha512-KabT5I6StirGfIz0FMgl1I+R1H73Gp0ofL9A3nG3i/cYFJzKHhouBV5VWK1CSgKvVaG4q1RNpCTR2LuTVB3fIw=="],

    "@esbuild/linux-ppc64": ["@esbuild/linux-ppc64@0.27.7", "", { "os": "linux", "cpu": "ppc64" }, "sha512-gRsL4x6wsGHGRqhtI+ifpN/vpOFTQtnbsupUF5R5YTAg+y/lKelYR1hXbnBdzDjGbMYjVJLJTd2OFmMewAgwlQ=="],

    "@esbuild/linux-riscv64": ["@esbuild/linux-riscv64@0.27.7", "", { "os": "linux", "cpu": "none" }, "sha512-hL25LbxO1QOngGzu2U5xeXtxXcW+/GvMN3ejANqXkxZ/opySAZMrc+9LY/WyjAan41unrR3YrmtTsUpwT66InQ=="],

    "@esbuild/linux-s390x": ["@esbuild/linux-s390x@0.27.7", "", { "os": "linux", "cpu": "s390x" }, "sha512-2k8go8Ycu1Kb46vEelhu1vqEP+UeRVj2zY1pSuPdgvbd5ykAw82Lrro28vXUrRmzEsUV0NzCf54yARIK8r0fdw=="],

    "@esbuild/linux-x64": ["@esbuild/linux-x64@0.27.7", "", { "os": "linux", "cpu": "x64" }, ""],

    "@esbuild/netbsd-arm64": ["@esbuild/netbsd-arm64@0.27.7", "", { "os": "none", "cpu": "arm64" }, "sha512-b6pqtrQdigZBwZxAn1UpazEisvwaIDvdbMbmrly7cDTMFnw/+3lVxxCTGOrkPVnsYIosJJXAsILG9XcQS+Yu6w=="],

    "@esbuild/netbsd-x64": ["@esbuild/netbsd-x64@0.27.7", "", { "os": "none", "cpu": "x64" }, "sha512-OfatkLojr6U+WN5EDYuoQhtM+1xco+/6FSzJJnuWiUw5eVcicbyK3dq5EeV/QHT1uy6GoDhGbFpprUiHUYggrw=="],

    "@esbuild/openbsd-arm64": ["@esbuild/openbsd-arm64@0.27.7", "", { "os": "openbsd", "cpu": "arm64" }, "sha512-AFuojMQTxAz75Fo8idVcqoQWEHIXFRbOc1TrVcFSgCZtQfSdc1RXgB3tjOn/krRHENUB4j00bfGjyl2mJrU37A=="],

    "@esbuild/openbsd-x64": ["@esbuild/openbsd-x64@0.27.7", "", { "os": "openbsd", "cpu": "x64" }, "sha512-+A1NJmfM8WNDv5CLVQYJ5PshuRm/4cI6WMZRg1by1GwPIQPCTs1GLEUHwiiQGT5zDdyLiRM/l1G0Pv54gvtKIg=="],

    "@esbuild/openharmony-arm64": ["@esbuild/openharmony-arm64@0.27.7", "", { "os": "none", "cpu": "arm64" }, "sha512-+KrvYb/C8zA9CU/g0sR6w2RBw7IGc5J2BPnc3dYc5VJxHCSF1yNMxTV5LQ7GuKteQXZtspjFbiuW5/dOj7H4Yw=="],

    "@esbuild/sunos-x64": ["@esbuild/sunos-x64@0.27.7", "", { "os": "sunos", "cpu": "x64" }, "sha512-ikktIhFBzQNt/QDyOL580ti9+5mL/YZeUPKU2ivGtGjdTYoqz6jObj6nOMfhASpS4GU4Q/Clh1QtxWAvcYKamA=="],

    "@esbuild/win32-arm64": ["@esbuild/win32-arm64@0.27.7", "", { "os": "win32", "cpu": "arm64" }, "sha512-7yRhbHvPqSpRUV7Q20VuDwbjW5kIMwTHpptuUzV+AA46kiPze5Z7qgt6CLCK3pWFrHeNfDd1VKgyP4O+ng17CA=="],

    "@esbuild/win32-ia32": ["@esbuild/win32-ia32@0.27.7", "", { "os": "win32", "cpu": "ia32" }, "sha512-SmwKXe6VHIyZYbBLJrhOoCJRB/Z1tckzmgTLfFYOfpMAx63BJEaL9ExI8x7v0oAO3Zh6D/Oi1gVxEYr5oUCFhw=="],

    "@esbuild/win32-x64": ["@esbuild/win32-x64@0.27.7", "", { "os": "win32", "cpu": "x64" }, "sha512-56hiAJPhwQ1R4i+21FVF7V8kSD5zZTdHcVuRFMW0hn753vVfQN8xlx4uOPT4xoGH0Z/oVATuR82AiqSTDIpaHg=="],

    "@fastify/ajv-compiler": ["@fastify/ajv-compiler@4.0.5", "", { "dependencies": { "ajv": "^8.12.0", "ajv-formats": "^3.0.1", "fast-uri": "^3.0.0" } }, ""],

    "@fastify/cors": ["@fastify/cors@11.2.0", "", { "dependencies": { "fastify-plugin": "^5.0.0", "toad-cache": "^3.7.0" } }, ""],

    "@fastify/error": ["@fastify/error@4.2.0", "", {}, ""],

    "@fastify/fast-json-stringify-compiler": ["@fastify/fast-json-stringify-compiler@5.0.3", "", { "dependencies": { "fast-json-stringify": "^6.0.0" } }, ""],

    "@fastify/forwarded": ["@fastify/forwarded@3.0.0", "", {}, ""],

    "@fastify/merge-json-schemas": ["@fastify/merge-json-schemas@0.2.1", "", { "dependencies": { "dequal": "^2.0.3" } }, ""],

    "@fastify/proxy-addr": ["@fastify/proxy-addr@5.0.0", "", { "dependencies": { "@fastify/forwarded": "^3.0.0", "ipaddr.js": "^2.1.0" } }, ""],

    "@noble/ciphers": ["@noble/ciphers@2.1.1", "", {}, ""],

    "@noble/hashes": ["@noble/hashes@2.0.1", "", {}, ""],

    "@opentelemetry/semantic-conventions": ["@opentelemetry/semantic-conventions@1.40.0", "", {}, ""],

    "@pinojs/redact": ["@pinojs/redact@0.4.0", "", {}, ""],

    "@standard-schema/spec": ["@standard-schema/spec@1.1.0", "", {}, ""],

    "@types/node": ["@types/node@24.12.4", "", { "dependencies": { "undici-types": "~7.16.0" } }, ""],

    "@types/pg": ["@types/pg@8.20.0", "", { "dependencies": { "@types/node": "*", "pg-protocol": "*", "pg-types": "^2.2.0" } }, ""],

    "abstract-logging": ["abstract-logging@2.0.1", "", {}, ""],

    "ajv": ["ajv@8.18.0", "", { "dependencies": { "fast-deep-equal": "^3.1.3", "fast-uri": "^3.0.1", "json-schema-traverse": "^1.0.0", "require-from-string": "^2.0.2" } }, ""],

    "ajv-formats": ["ajv-formats@3.0.1", "", { "dependencies": { "ajv": "^8.0.0" }, "peerDependencies": { "ajv": "^8.0.0" } }, ""],

    "atomic-sleep": ["atomic-sleep@1.0.0", "", {}, ""],

    "avvio": ["avvio@9.1.0", "", { "dependencies": { "@fastify/error": "^4.0.0", "fastq": "^1.17.1" } }, ""],

    "better-auth": ["better-auth@1.6.10", "", { "dependencies": { "@better-auth/core": "1.6.10", "@better-auth/drizzle-adapter": "1.6.10", "@better-auth/kysely-adapter": "1.6.10", "@better-auth/memory-adapter": "1.6.10", "@better-auth/mongo-adapter": "1.6.10", "@better-auth/prisma-adapter": "1.6.10", "@better-auth/telemetry": "1.6.10", "@better-auth/utils": "0.4.0", "@better-fetch/fetch": "1.1.21", "@noble/ciphers": "^2.1.1", "@noble/hashes": "^2.0.1", "better-call": "1.3.5", "defu": "^6.1.4", "jose": "^6.1.3", "kysely": "^0.28.14", "nanostores": "^1.1.1", "zod": "^4.3.6" }, "peerDependencies": { "@lynx-js/react": "*", "@prisma/client": "^5.0.0 || ^6.0.0 || ^7.0.0", "@sveltejs/kit": "^2.0.0", "@tanstack/react-start": "^1.0.0", "@tanstack/solid-start": "^1.0.0", "better-sqlite3": "^12.0.0", "drizzle-kit": ">=0.31.4", "drizzle-orm": "^0.45.2", "mongodb": "^6.0.0 || ^7.0.0", "mysql2": "^3.0.0", "next": "^14.0.0 || ^15.0.0 || ^16.0.0", "pg": "^8.0.0", "prisma": "^5.0.0 || ^6.0.0 || ^7.0.0", "react": "^18.0.0 || ^19.0.0", "react-dom": "^18.0.0 || ^19.0.0", "solid-js": "^1.0.0", "svelte": "^4.0.0 || ^5.0.0", "vitest": "^2.0.0 || ^3.0.0 || ^4.0.0", "vue": "^3.0.0" }, "optionalPeers": ["@lynx-js/react", "@prisma/client", "@sveltejs/kit", "@tanstack/react-start", "@tanstack/solid-start", "better-sqlite3", "drizzle-kit", "drizzle-orm", "mongodb", "mysql2", "next", "prisma", "react", "react-dom", "solid-js", "svelte", "vitest", "vue"] }, ""],

    "better-call": ["better-call@1.3.5", "", { "dependencies": { "@better-auth/utils": "^0.4.0", "@better-fetch/fetch": "^1.1.21", "rou3": "^0.7.12", "set-cookie-parser": "^3.0.1" }, "peerDependencies": { "zod": "^4.0.0" } }, ""],

    "cookie": ["cookie@1.0.2", "", {}, ""],

    "defu": ["defu@6.1.7", "", {}, "sha512-7z22QmUWiQ/2d0KkdYmANbRUVABpZ9SNYyH5vx6PZ+nE5bcC0l7uFvEfHlyld/HcGBFTL536ClDt3DEcSlEJAQ=="],

    "dequal": ["dequal@2.0.3", "", {}, ""],

    "dotenv": ["dotenv@17.4.2", "", {}, ""],

    "esbuild": ["esbuild@0.27.7", "", { "optionalDependencies": { "@esbuild/aix-ppc64": "0.27.7", "@esbuild/android-arm": "0.27.7", "@esbuild/android-arm64": "0.27.7", "@esbuild/android-x64": "0.27.7", "@esbuild/darwin-arm64": "0.27.7", "@esbuild/darwin-x64": "0.27.7", "@esbuild/freebsd-arm64": "0.27.7", "@esbuild/freebsd-x64": "0.27.7", "@esbuild/linux-arm": "0.27.7", "@esbuild/linux-arm64": "0.27.7", "@esbuild/linux-ia32": "0.27.7", "@esbuild/linux-loong64": "0.27.7", "@esbuild/linux-mips64el": "0.27.7", "@esbuild/linux-ppc64": "0.27.7", "@esbuild/linux-riscv64": "0.27.7", "@esbuild/linux-s390x": "0.27.7", "@esbuild/linux-x64": "0.27.7", "@esbuild/netbsd-arm64": "0.27.7", "@esbuild/netbsd-x64": "0.27.7", "@esbuild/openbsd-arm64": "0.27.7", "@esbuild/openbsd-x64": "0.27.7", "@esbuild/openharmony-arm64": "0.27.7", "@esbuild/sunos-x64": "0.27.7", "@esbuild/win32-arm64": "0.27.7", "@esbuild/win32-ia32": "0.27.7", "@esbuild/win32-x64": "0.27.7" }, "bin": "bin/esbuild" }, ""],

    "fast-decode-uri-component": ["fast-decode-uri-component@1.0.1", "", {}, ""],

    "fast-deep-equal": ["fast-deep-equal@3.1.3", "", {}, ""],

    "fast-json-stringify": ["fast-json-stringify@6.0.1", "", { "dependencies": { "@fastify/merge-json-schemas": "^0.2.0", "ajv": "^8.12.0", "ajv-formats": "^3.0.1", "fast-uri": "^3.0.0", "json-schema-ref-resolver": "^2.0.0", "rfdc": "^1.2.0" } }, ""],

    "fast-querystring": ["fast-querystring@1.1.2", "", { "dependencies": { "fast-decode-uri-component": "^1.0.1" } }, ""],

    "fast-uri": ["fast-uri@3.1.2", "", {}, "sha512-rVjf7ArG3LTk+FS6Yw81V1DLuZl1bRbNrev6Tmd/9RaroeeRRJhAt7jg/6YFxbvAQXUCavSoZhPPj6oOx+5KjQ=="],

    "fastify": ["fastify@5.8.5", "", { "dependencies": { "@fastify/ajv-compiler": "^4.0.5", "@fastify/error": "^4.0.0", "@fastify/fast-json-stringify-compiler": "^5.0.0", "@fastify/proxy-addr": "^5.0.0", "abstract-logging": "^2.0.1", "avvio": "^9.0.0", "fast-json-stringify": "^6.0.0", "find-my-way": "^9.0.0", "light-my-request": "^6.0.0", "pino": "^9.14.0 || ^10.1.0", "process-warning": "^5.0.0", "rfdc": "^1.3.1", "secure-json-parse": "^4.0.0", "semver": "^7.6.0", "toad-cache": "^3.7.0" } }, ""],

    "fastify-plugin": ["fastify-plugin@5.0.1", "", {}, ""],

    "fastq": ["fastq@1.19.1", "", { "dependencies": { "reusify": "^1.0.4" } }, ""],

    "find-my-way": ["find-my-way@9.3.0", "", { "dependencies": { "fast-deep-equal": "^3.1.3", "fast-querystring": "^1.0.0", "safe-regex2": "^5.0.0" } }, ""],

    "fsevents": ["fsevents@2.3.3", "", { "os": "darwin" }, "sha512-5xoDfX+fL7faATnagmWPpbFtwh/R77WmMMqqHGS65C3vvB0YHrgF+B1YmZ3441tMj5n63k0212XNoJwzlhffQw=="],

    "get-tsconfig": ["get-tsconfig@4.10.1", "", { "dependencies": { "resolve-pkg-maps": "^1.0.0" } }, ""],

    "ipaddr.js": ["ipaddr.js@2.2.0", "", {}, ""],

    "jose": ["jose@6.1.3", "", {}, ""],

    "json-schema-ref-resolver": ["json-schema-ref-resolver@2.0.1", "", { "dependencies": { "dequal": "^2.0.3" } }, ""],

    "json-schema-traverse": ["json-schema-traverse@1.0.0", "", {}, ""],

    "kysely": ["kysely@0.28.17", "", {}, "sha512-nbD8lB9EB3wNdMhOCdx5Li8DxnLbvKByylRLcJ1h+4SkrowVeECAyZlyiKMThF7xFdRz0jSQ2MoJr+wXux2y0Q=="],

    "light-my-request": ["light-my-request@6.6.0", "", { "dependencies": { "cookie": "^1.0.1", "process-warning": "^4.0.0", "set-cookie-parser": "^2.6.0" } }, ""],

    "nanostores": ["nanostores@1.3.0", "", {}, ""],

    "on-exit-leak-free": ["on-exit-leak-free@2.1.2", "", {}, ""],

    "pg": ["pg@8.20.0", "", { "dependencies": { "pg-connection-string": "^2.12.0", "pg-pool": "^3.13.0", "pg-protocol": "^1.13.0", "pg-types": "2.2.0", "pgpass": "1.0.5" }, "optionalDependencies": { "pg-cloudflare": "^1.3.0" }, "peerDependencies": { "pg-native": ">=3.0.1" }, "optionalPeers": ["pg-native"] }, ""],

    "pg-cloudflare": ["pg-cloudflare@1.3.0", "", {}, ""],

    "pg-connection-string": ["pg-connection-string@2.12.0", "", {}, ""],

    "pg-int8": ["pg-int8@1.0.1", "", {}, ""],

    "pg-pool": ["pg-pool@3.13.0", "", { "peerDependencies": { "pg": ">=8.0" } }, ""],

    "pg-protocol": ["pg-protocol@1.13.0", "", {}, ""],

    "pg-types": ["pg-types@2.2.0", "", { "dependencies": { "pg-int8": "1.0.1", "postgres-array": "~2.0.0", "postgres-bytea": "~1.0.0", "postgres-date": "~1.0.4", "postgres-interval": "^1.1.0" } }, ""],

    "pgpass": ["pgpass@1.0.5", "", { "dependencies": { "split2": "^4.1.0" } }, ""],

    "pino": ["pino@10.3.1", "", { "dependencies": { "@pinojs/redact": "^0.4.0", "atomic-sleep": "^1.0.0", "on-exit-leak-free": "^2.1.0", "pino-abstract-transport": "^3.0.0", "pino-std-serializers": "^7.0.0", "process-warning": "^5.0.0", "quick-format-unescaped": "^4.0.3", "real-require": "^0.2.0", "safe-stable-stringify": "^2.3.1", "sonic-boom": "^4.0.1", "thread-stream": "^4.0.0" }, "bin": "bin.js" }, ""],

    "pino-abstract-transport": ["pino-abstract-transport@3.0.0", "", { "dependencies": { "split2": "^4.0.0" } }, ""],

    "pino-std-serializers": ["pino-std-serializers@7.1.0", "", {}, ""],

    "postgres-array": ["postgres-array@2.0.0", "", {}, ""],

    "postgres-bytea": ["postgres-bytea@1.0.0", "", {}, ""],

    "postgres-date": ["postgres-date@1.0.7", "", {}, ""],

    "postgres-interval": ["postgres-interval@1.2.0", "", { "dependencies": { "xtend": "^4.0.0" } }, ""],

    "process-warning": ["process-warning@5.0.0", "", {}, ""],

    "quick-format-unescaped": ["quick-format-unescaped@4.0.4", "", {}, ""],

    "real-require": ["real-require@0.2.0", "", {}, ""],

    "require-from-string": ["require-from-string@2.0.2", "", {}, ""],

    "resolve-pkg-maps": ["resolve-pkg-maps@1.0.0", "", {}, ""],

    "ret": ["ret@0.5.0", "", {}, ""],

    "reusify": ["reusify@1.1.0", "", {}, ""],

    "rfdc": ["rfdc@1.4.1", "", {}, ""],

    "rou3": ["rou3@0.7.12", "", {}, ""],

    "safe-regex2": ["safe-regex2@5.0.0", "", { "dependencies": { "ret": "~0.5.0" } }, ""],

    "safe-stable-stringify": ["safe-stable-stringify@2.5.0", "", {}, ""],

    "secure-json-parse": ["secure-json-parse@4.0.0", "", {}, ""],

    "semver": ["semver@7.7.2", "", { "bin": "bin/semver.js" }, ""],

    "set-cookie-parser": ["set-cookie-parser@3.1.0", "", {}, ""],

    "sonic-boom": ["sonic-boom@4.2.1", "", { "dependencies": { "atomic-sleep": "^1.0.0" } }, ""],

    "split2": ["split2@4.2.0", "", {}, ""],

    "thread-stream": ["thread-stream@4.0.0", "", { "dependencies": { "real-require": "^0.2.0" } }, ""],

    "toad-cache": ["toad-cache@3.7.0", "", {}, ""],

    "tsx": ["tsx@4.21.0", "", { "dependencies": { "esbuild": "~0.27.0", "get-tsconfig": "^4.7.5" }, "optionalDependencies": { "fsevents": "~2.3.3" }, "bin": "dist/cli.mjs" }, ""],

    "typescript": ["typescript@5.9.3", "", { "bin": { "tsc": "bin/tsc", "tsserver": "bin/tsserver" } }, ""],

    "undici-types": ["undici-types@7.16.0", "", {}, ""],

    "xtend": ["xtend@4.0.2", "", {}, ""],

    "zod": ["zod@4.3.6", "", {}, ""],

    "@types/pg/@types/node": ["@types/node@24.12.2", "", { "dependencies": { "undici-types": "~7.16.0" } }, ""],

    "light-my-request/process-warning": ["process-warning@4.0.1", "", {}, ""],

    "light-my-request/set-cookie-parser": ["set-cookie-parser@2.7.1", "", {}, ""],
  }
}
